<?xml version="1.0" encoding="utf-8"?>
<Project ToolsVersion="4.0" xmlns="http://schemas.microsoft.com/developer/msbuild/2003">
  <ItemGroup>
    <Filter Include="ソース ファイル">
      <UniqueIdentifier>{efe4a91f-3bee-43f5-ac90-793c91ccab09}</UniqueIdentifier>
    </Filter>
    <Filter Include="生成されたファイル">
      <UniqueIdentifier>{f671ff65-7e5b-48bf-8f05-a5b14a517475}</UniqueIdentifier>
      <SourceControlFiles>False</SourceControlFiles>
    </Filter>
  </ItemGroup>
  <ItemGroup>
    <None Include="PreviewLiteps.def" />
  </ItemGroup>
  <ItemGroup>
    <ClCompile Include="PreviewLite_i.c">
      <Filter>生成されたファイル</Filter>
    </ClCompile>
    <ClCompile Include="PreviewLite_p.c">
      <Filter>生成されたファイル</Filter>
    </ClCompile>
    <ClCompile Include="dlldata.c">
      <Filter>生成されたファイル</Filter>
    </ClCompile>
  </ItemGroup>
</Project>